
Microsoft Visual Studio Solution File, Format Version 12.00
# Visual Studio Version 16
VisualStudioVersion = 16.0.29306.81
MinimumVisualStudioVersion = 10.0.40219.1
Project("{FAE04EC0-301F-11D3-BF4B-00C04F79EFBC}") = "RTFFile", "RTFFile\RTFFile.csproj", "{D9AFC973-1154-4D24-96E5-EC3C7FE3598F}"
EndProject
Global
	GlobalSection(SolutionConfigurationPlatforms) = preSolution
		Debug|Any CPU = Debug|Any CPU
		Release|Any CPU = Release|Any CPU
	EndGlobalSection
	GlobalSection(ProjectConfigurationPlatforms) = postSolution
		{D9AFC973-1154-4D24-96E5-EC3C7FE3598F}.Debug|Any CPU.ActiveCfg = Debug|Any CPU
		{D9AFC973-1154-4D24-96E5-EC3C7FE3598F}.Debug|Any CPU.Build.0 = Debug|Any CPU
		{D9AFC973-1154-4D24-96E5-EC3C7FE3598F}.Release|Any CPU.ActiveCfg = Release|Any CPU
		{D9AFC973-1154-4D24-96E5-EC3C7FE3598F}.Release|Any CPU.Build.0 = Release|Any CPU
	EndGlobalSection
	GlobalSection(SolutionProperties) = preSolution
		HideSolutionNode = FALSE
	EndGlobalSection
	GlobalSection(ExtensibilityGlobals) = postSolution
		SolutionGuid = {CAFDC7BB-C724-46BC-A2D7-C32A82065295}
	EndGlobalSection
EndGlobal
